
Microsoft Visual Studio Solution File, Format Version 12.00
# Visual Studio Version 16
VisualStudioVersion = 16.0.30804.86
MinimumVisualStudioVersion = 10.0.40219.1
Project("{FAE04EC0-301F-11D3-BF4B-00C04F79EFBC}") = "CuentasXPagar1", "CuentasXPagar1\CuentasXPagar1.csproj", "{68B0AC35-892E-4328-9409-D537DA84B26D}"
EndProject
Global
	GlobalSection(SolutionConfigurationPlatforms) = preSolution
		Debug|Any CPU = Debug|Any CPU
		Release|Any CPU = Release|Any CPU
	EndGlobalSection
	GlobalSection(ProjectConfigurationPlatforms) = postSolution
		{68B0AC35-892E-4328-9409-D537DA84B26D}.Debug|Any CPU.ActiveCfg = Debug|Any CPU
		{68B0AC35-892E-4328-9409-D537DA84B26D}.Debug|Any CPU.Build.0 = Debug|Any CPU
		{68B0AC35-892E-4328-9409-D537DA84B26D}.Release|Any CPU.ActiveCfg = Release|Any CPU
		{68B0AC35-892E-4328-9409-D537DA84B26D}.Release|Any CPU.Build.0 = Release|Any CPU
	EndGlobalSection
	GlobalSection(SolutionProperties) = preSolution
		HideSolutionNode = FALSE
	EndGlobalSection
	GlobalSection(ExtensibilityGlobals) = postSolution
		SolutionGuid = {91EEA7AF-CEBC-468D-94CA-2D8BA9BC99A4}
	EndGlobalSection
EndGlobal
